
Microsoft Visual Studio Solution File, Format Version 12.00
# Visual Studio Version 16
VisualStudioVersion = 16.0.30717.126
MinimumVisualStudioVersion = 10.0.40219.1
Project("{FAE04EC0-301F-11D3-BF4B-00C04F79EFBC}") = "Deneme", "Deneme\Deneme.csproj", "{8C8DB26E-F105-4E05-B1C8-E6EEFFA9ACAE}"
EndProject
Global
	GlobalSection(SolutionConfigurationPlatforms) = preSolution
		Debug|Any CPU = Debug|Any CPU
		Release|Any CPU = Release|Any CPU
	EndGlobalSection
	GlobalSection(ProjectConfigurationPlatforms) = postSolution
		{8C8DB26E-F105-4E05-B1C8-E6EEFFA9ACAE}.Debug|Any CPU.ActiveCfg = Debug|Any CPU
		{8C8DB26E-F105-4E05-B1C8-E6EEFFA9ACAE}.Debug|Any CPU.Build.0 = Debug|Any CPU
		{8C8DB26E-F105-4E05-B1C8-E6EEFFA9ACAE}.Release|Any CPU.ActiveCfg = Release|Any CPU
		{8C8DB26E-F105-4E05-B1C8-E6EEFFA9ACAE}.Release|Any CPU.Build.0 = Release|Any CPU
	EndGlobalSection
	GlobalSection(SolutionProperties) = preSolution
		HideSolutionNode = FALSE
	EndGlobalSection
	GlobalSection(ExtensibilityGlobals) = postSolution
		SolutionGuid = {2EAD6BEE-53B5-4C5F-B4D8-01082B01BC63}
	EndGlobalSection
EndGlobal
